
Microsoft Visual Studio Solution File, Format Version 12.00
# Visual Studio 15
VisualStudioVersion = 15.0.28307.329
MinimumVisualStudioVersion = 10.0.40219.1
Project("{FAE04EC0-301F-11D3-BF4B-00C04F79EFBC}") = "UK-Petrol", "UK-Petrol\UK-Petrol.csproj", "{8959D63E-E106-4ABA-8D82-B2570167E41F}"
EndProject
Global
	GlobalSection(SolutionConfigurationPlatforms) = preSolution
		Debug|Any CPU = Debug|Any CPU
		Release|Any CPU = Release|Any CPU
	EndGlobalSection
	GlobalSection(ProjectConfigurationPlatforms) = postSolution
		{8959D63E-E106-4ABA-8D82-B2570167E41F}.Debug|Any CPU.ActiveCfg = Debug|Any CPU
		{8959D63E-E106-4ABA-8D82-B2570167E41F}.Debug|Any CPU.Build.0 = Debug|Any CPU
		{8959D63E-E106-4ABA-8D82-B2570167E41F}.Release|Any CPU.ActiveCfg = Release|Any CPU
		{8959D63E-E106-4ABA-8D82-B2570167E41F}.Release|Any CPU.Build.0 = Release|Any CPU
	EndGlobalSection
	GlobalSection(SolutionProperties) = preSolution
		HideSolutionNode = FALSE
	EndGlobalSection
	GlobalSection(ExtensibilityGlobals) = postSolution
		SolutionGuid = {24719054-4897-44C5-B974-B068092D84D9}
	EndGlobalSection
EndGlobal
